Microsoft Visual Studio Solution File, Format Version 11.00
# Visual Studio 2008

Project("{7C919DC3-0838-A356-1373-AD137BD8D230}") = "app019-remera-demo", "Assembly-CSharp.csproj", "{E94EF213-81A0-2E42-CA41-979A2880108F}"
EndProject
Project("{7C919DC3-0838-A356-1373-AD137BD8D230}") = "app019-remera-demo", "Assembly-CSharp-Editor.csproj", "{AE853A6F-18A7-8816-3045-528D2689FFBE}"
EndProject
Project("{7C919DC3-0838-A356-1373-AD137BD8D230}") = "app019-remera-demo", "Assembly-UnityScript-Editor-firstpass.unityproj", "{ACCEFFF0-0830-CC37-5EB8-B2675B03948E}"
EndProject
Global
	GlobalSection(SolutionConfigurationPlatforms) = preSolution
		Debug|Any CPU = Debug|Any CPU
		Release|Any CPU = Release|Any CPU
	EndGlobalSection
	GlobalSection(ProjectConfigurationPlatforms) = postSolution
		{E94EF213-81A0-2E42-CA41-979A2880108F}.Debug|Any CPU.ActiveCfg = Debug|Any CPU
		{E94EF213-81A0-2E42-CA41-979A2880108F}.Debug|Any CPU.Build.0 = Debug|Any CPU
		{E94EF213-81A0-2E42-CA41-979A2880108F}.Release|Any CPU.ActiveCfg = Release|Any CPU
		{E94EF213-81A0-2E42-CA41-979A2880108F}.Release|Any CPU.Build.0 = Release|Any CPU
		{AE853A6F-18A7-8816-3045-528D2689FFBE}.Debug|Any CPU.ActiveCfg = Debug|Any CPU
		{AE853A6F-18A7-8816-3045-528D2689FFBE}.Debug|Any CPU.Build.0 = Debug|Any CPU
		{AE853A6F-18A7-8816-3045-528D2689FFBE}.Release|Any CPU.ActiveCfg = Release|Any CPU
		{AE853A6F-18A7-8816-3045-528D2689FFBE}.Release|Any CPU.Build.0 = Release|Any CPU
		{ACCEFFF0-0830-CC37-5EB8-B2675B03948E}.Debug|Any CPU.ActiveCfg = Debug|Any CPU
		{ACCEFFF0-0830-CC37-5EB8-B2675B03948E}.Debug|Any CPU.Build.0 = Debug|Any CPU
		{ACCEFFF0-0830-CC37-5EB8-B2675B03948E}.Release|Any CPU.ActiveCfg = Release|Any CPU
		{ACCEFFF0-0830-CC37-5EB8-B2675B03948E}.Release|Any CPU.Build.0 = Release|Any CPU
	EndGlobalSection
	GlobalSection(SolutionProperties) = preSolution
		HideSolutionNode = FALSE
	EndGlobalSection
																			GlobalSection(MonoDevelopProperties) = preSolution
		StartupItem = Assembly-CSharp.csproj
		Policies = $0
		$0.TextStylePolicy = $1
		$1.inheritsSet = null
		$1.scope = text/x-csharp
		$0.CSharpFormattingPolicy = $2
		$2.inheritsSet = Mono
		$2.inheritsScope = text/x-csharp
		$2.scope = text/x-csharp
		$0.TextStylePolicy = $3
		$3.FileWidth = 120
		$3.TabWidth = 4
		$3.EolMarker = Unix
		$3.inheritsSet = Mono
		$3.inheritsScope = text/plain
		$3.scope = text/plain
	EndGlobalSection

EndGlobal
